
Microsoft Visual Studio Solution File, Format Version 11.00
# Visual Studio 2010
Project("{FAE04EC0-301F-11D3-BF4B-00C04F79EFBC}") = "MetaphysicsIndustries.Solus", "MetaphysicsIndustries.Solus.csproj", "{A630057C-40CF-4DF3-BE44-FC660B3E6BA3}"
EndProject
Project("{FAE04EC0-301F-11D3-BF4B-00C04F79EFBC}") = "MetaphysicsIndustries.Solus.Test", "MetaphysicsIndustries.Solus.Test\MetaphysicsIndustries.Solus.Test.csproj", "{AF9AC998-5856-4745-AF8C-D13CC1631D2C}"
EndProject
Project("{FAE04EC0-301F-11D3-BF4B-00C04F79EFBC}") = "solus", "solus\solus.csproj", "{00916C31-5B9C-41F8-938F-DE20063CAD7E}"
EndProject
Project("{FAE04EC0-301F-11D3-BF4B-00C04F79EFBC}") = "MetaphysicsIndustries.Utilities", "MetaphysicsIndustries.Utilities\MetaphysicsIndustries.Utilities.csproj", "{221A3FBA-E14C-4F05-A099-42508116E910}"
EndProject
Project("{FAE04EC0-301F-11D3-BF4B-00C04F79EFBC}") = "MetaphysicsIndustries.Giza", "MetaphysicsIndustries.Giza\MetaphysicsIndustries.Giza.csproj", "{98B42ACF-8370-4428-9D41-73FF1CEFB2E4}"
EndProject
Global
	GlobalSection(SolutionConfigurationPlatforms) = preSolution
		Debug|Any CPU = Debug|Any CPU
		Release|Any CPU = Release|Any CPU
	EndGlobalSection
	GlobalSection(ProjectConfigurationPlatforms) = postSolution
		{00916C31-5B9C-41F8-938F-DE20063CAD7E}.Debug|Any CPU.ActiveCfg = Debug|Any CPU
		{00916C31-5B9C-41F8-938F-DE20063CAD7E}.Debug|Any CPU.Build.0 = Debug|Any CPU
		{00916C31-5B9C-41F8-938F-DE20063CAD7E}.Release|Any CPU.ActiveCfg = Release|Any CPU
		{00916C31-5B9C-41F8-938F-DE20063CAD7E}.Release|Any CPU.Build.0 = Release|Any CPU
		{221A3FBA-E14C-4F05-A099-42508116E910}.Debug|Any CPU.ActiveCfg = Debug|Any CPU
		{221A3FBA-E14C-4F05-A099-42508116E910}.Debug|Any CPU.Build.0 = Debug|Any CPU
		{221A3FBA-E14C-4F05-A099-42508116E910}.Release|Any CPU.ActiveCfg = Release|Any CPU
		{221A3FBA-E14C-4F05-A099-42508116E910}.Release|Any CPU.Build.0 = Release|Any CPU
		{98B42ACF-8370-4428-9D41-73FF1CEFB2E4}.Debug|Any CPU.ActiveCfg = Debug|Any CPU
		{98B42ACF-8370-4428-9D41-73FF1CEFB2E4}.Debug|Any CPU.Build.0 = Debug|Any CPU
		{98B42ACF-8370-4428-9D41-73FF1CEFB2E4}.Release|Any CPU.ActiveCfg = Release|Any CPU
		{98B42ACF-8370-4428-9D41-73FF1CEFB2E4}.Release|Any CPU.Build.0 = Release|Any CPU
		{A630057C-40CF-4DF3-BE44-FC660B3E6BA3}.Debug|Any CPU.ActiveCfg = Debug|Any CPU
		{A630057C-40CF-4DF3-BE44-FC660B3E6BA3}.Debug|Any CPU.Build.0 = Debug|Any CPU
		{A630057C-40CF-4DF3-BE44-FC660B3E6BA3}.Release|Any CPU.ActiveCfg = Release|Any CPU
		{A630057C-40CF-4DF3-BE44-FC660B3E6BA3}.Release|Any CPU.Build.0 = Release|Any CPU
		{AF9AC998-5856-4745-AF8C-D13CC1631D2C}.Debug|Any CPU.ActiveCfg = Debug|Any CPU
		{AF9AC998-5856-4745-AF8C-D13CC1631D2C}.Debug|Any CPU.Build.0 = Debug|Any CPU
		{AF9AC998-5856-4745-AF8C-D13CC1631D2C}.Release|Any CPU.ActiveCfg = Release|Any CPU
		{AF9AC998-5856-4745-AF8C-D13CC1631D2C}.Release|Any CPU.Build.0 = Release|Any CPU
	EndGlobalSection
	GlobalSection(MonoDevelopProperties) = preSolution
		StartupItem = solus\solus.csproj
	EndGlobalSection
EndGlobal
