
Microsoft Visual Studio Solution File, Format Version 12.00
# Visual Studio Version 17
VisualStudioVersion = 17.0.31903.59
MinimumVisualStudioVersion = 10.0.40219.1
Project("{FAE04EC0-301F-11D3-BF4B-00C04F79EFBC}") = "MetaphysicsIndustries.Solus", "MetaphysicsIndustries.Solus.csproj", "{9EA855D3-8CC1-42B6-B368-5B3F4D1E2B83}"
EndProject
Project("{FAE04EC0-301F-11D3-BF4B-00C04F79EFBC}") = "MetaphysicsIndustries.Solus.Test", "MetaphysicsIndustries.Solus.Test\MetaphysicsIndustries.Solus.Test.csproj", "{AF9AC998-5856-4745-AF8C-D13CC1631D2C}"
EndProject
Project("{FAE04EC0-301F-11D3-BF4B-00C04F79EFBC}") = "solus", "solus\solus.csproj", "{2C6210A1-5B53-4E4E-9A5A-4F09C114ADCE}"
EndProject
Global
	GlobalSection(SolutionConfigurationPlatforms) = preSolution
		Debug|Any CPU = Debug|Any CPU
		Release|Any CPU = Release|Any CPU
	EndGlobalSection
	GlobalSection(SolutionProperties) = preSolution
		HideSolutionNode = FALSE
	EndGlobalSection
	GlobalSection(ProjectConfigurationPlatforms) = postSolution
		{9EA855D3-8CC1-42B6-B368-5B3F4D1E2B83}.Debug|Any CPU.ActiveCfg = Debug|Any CPU
		{9EA855D3-8CC1-42B6-B368-5B3F4D1E2B83}.Debug|Any CPU.Build.0 = Debug|Any CPU
		{9EA855D3-8CC1-42B6-B368-5B3F4D1E2B83}.Release|Any CPU.ActiveCfg = Release|Any CPU
		{9EA855D3-8CC1-42B6-B368-5B3F4D1E2B83}.Release|Any CPU.Build.0 = Release|Any CPU
		{AF9AC998-5856-4745-AF8C-D13CC1631D2C}.Debug|Any CPU.ActiveCfg = Debug|Any CPU
		{AF9AC998-5856-4745-AF8C-D13CC1631D2C}.Debug|Any CPU.Build.0 = Debug|Any CPU
		{AF9AC998-5856-4745-AF8C-D13CC1631D2C}.Release|Any CPU.ActiveCfg = Release|Any CPU
		{AF9AC998-5856-4745-AF8C-D13CC1631D2C}.Release|Any CPU.Build.0 = Release|Any CPU
		{2C6210A1-5B53-4E4E-9A5A-4F09C114ADCE}.Debug|Any CPU.ActiveCfg = Debug|Any CPU
		{2C6210A1-5B53-4E4E-9A5A-4F09C114ADCE}.Debug|Any CPU.Build.0 = Debug|Any CPU
		{2C6210A1-5B53-4E4E-9A5A-4F09C114ADCE}.Release|Any CPU.ActiveCfg = Release|Any CPU
		{2C6210A1-5B53-4E4E-9A5A-4F09C114ADCE}.Release|Any CPU.Build.0 = Release|Any CPU
	EndGlobalSection
EndGlobal
